
Microsoft Visual Studio Solution File, Format Version 12.00
# Visual Studio Version 16
VisualStudioVersion = 16.0.31424.327
MinimumVisualStudioVersion = 10.0.40219.1
Project("{FAE04EC0-301F-11D3-BF4B-00C04F79EFBC}") = "AlphaTutorial", "AlphaTutorial\AlphaTutorial.csproj", "{7F48F409-4DD8-4CBE-A3B1-E35D3D6223EE}"
EndProject
Global
	GlobalSection(SolutionConfigurationPlatforms) = preSolution
		Debug|Any CPU = Debug|Any CPU
		Release|Any CPU = Release|Any CPU
	EndGlobalSection
	GlobalSection(ProjectConfigurationPlatforms) = postSolution
		{7F48F409-4DD8-4CBE-A3B1-E35D3D6223EE}.Debug|Any CPU.ActiveCfg = Debug|Any CPU
		{7F48F409-4DD8-4CBE-A3B1-E35D3D6223EE}.Debug|Any CPU.Build.0 = Debug|Any CPU
		{7F48F409-4DD8-4CBE-A3B1-E35D3D6223EE}.Release|Any CPU.ActiveCfg = Release|Any CPU
		{7F48F409-4DD8-4CBE-A3B1-E35D3D6223EE}.Release|Any CPU.Build.0 = Release|Any CPU
	EndGlobalSection
	GlobalSection(SolutionProperties) = preSolution
		HideSolutionNode = FALSE
	EndGlobalSection
	GlobalSection(ExtensibilityGlobals) = postSolution
		SolutionGuid = {55E9DA8B-DB20-4BA7-A7F8-F3ADF8C712DA}
	EndGlobalSection
EndGlobal
